// !$*UTF8*$!
{
	archiveVersion = 1;
	classes = {
	};
	objectVersion = 52;
	objects = {

/* Begin PBXBuildFile section */
		17A6094108C262275E354E3E /* Pods_PoliceRecorderTests.framework in Frameworks */ = {isa = PBXBuildFile; fileRef = 907D08BC99753F1CE517C986 /* Pods_PoliceRecorderTests.framework */; };
		5661546626F57B4100C559DD /* RegistrationBackend.swift in Sources */ = {isa = PBXBuildFile; fileRef = 5661546526F57B4100C559DD /* RegistrationBackend.swift */; };
		5661546C26F583B200C559DD /* AudioRecorder.swift in Sources */ = {isa = PBXBuildFile; fileRef = 5661546B26F583B200C559DD /* AudioRecorder.swift */; };
		5661546D26F583B200C559DD /* AudioRecorder.swift in Sources */ = {isa = PBXBuildFile; fileRef = 5661546B26F583B200C559DD /* AudioRecorder.swift */; };
		5661546E26F583B200C559DD /* AudioRecorder.swift in Sources */ = {isa = PBXBuildFile; fileRef = 5661546B26F583B200C559DD /* AudioRecorder.swift */; };
		5661547426F5B40E00C559DD /* EmergencyContactsView.swift in Sources */ = {isa = PBXBuildFile; fileRef = 5661547326F5B40E00C559DD /* EmergencyContactsView.swift */; };
		5661547526F5B40E00C559DD /* EmergencyContactsView.swift in Sources */ = {isa = PBXBuildFile; fileRef = 5661547326F5B40E00C559DD /* EmergencyContactsView.swift */; };
		5661547626F5B40E00C559DD /* EmergencyContactsView.swift in Sources */ = {isa = PBXBuildFile; fileRef = 5661547326F5B40E00C559DD /* EmergencyContactsView.swift */; };
		5661548026F5D25600C559DD /* AddEmergencyContactsView.swift in Sources */ = {isa = PBXBuildFile; fileRef = 5661547F26F5D25600C559DD /* AddEmergencyContactsView.swift */; };
		5661548126F5D25600C559DD /* AddEmergencyContactsView.swift in Sources */ = {isa = PBXBuildFile; fileRef = 5661547F26F5D25600C559DD /* AddEmergencyContactsView.swift */; };
		5661548226F5D25600C559DD /* AddEmergencyContactsView.swift in Sources */ = {isa = PBXBuildFile; fileRef = 5661547F26F5D25600C559DD /* AddEmergencyContactsView.swift */; };
		5661548426F5D27900C559DD /* GoogleService-Info.plist in Resources */ = {isa = PBXBuildFile; fileRef = 5661548326F5D27900C559DD /* GoogleService-Info.plist */; };
		5661548526F5D27900C559DD /* GoogleService-Info.plist in Resources */ = {isa = PBXBuildFile; fileRef = 5661548326F5D27900C559DD /* GoogleService-Info.plist */; };
		5661548626F5D27900C559DD /* GoogleService-Info.plist in Resources */ = {isa = PBXBuildFile; fileRef = 5661548326F5D27900C559DD /* GoogleService-Info.plist */; };
		56789E2326F46FEC00B9A35D /* PoliceRecorderApp.swift in Sources */ = {isa = PBXBuildFile; fileRef = 56789E2226F46FEC00B9A35D /* PoliceRecorderApp.swift */; };
		56789E2526F46FEC00B9A35D /* ContentView.swift in Sources */ = {isa = PBXBuildFile; fileRef = 56789E2426F46FEC00B9A35D /* ContentView.swift */; };
		56789E2726F46FF000B9A35D /* Assets.xcassets in Resources */ = {isa = PBXBuildFile; fileRef = 56789E2626F46FF000B9A35D /* Assets.xcassets */; };
		56789E2A26F46FF000B9A35D /* Preview Assets.xcassets in Resources */ = {isa = PBXBuildFile; fileRef = 56789E2926F46FF000B9A35D /* Preview Assets.xcassets */; };
		56789E2C26F46FF000B9A35D /* Persistence.swift in Sources */ = {isa = PBXBuildFile; fileRef = 56789E2B26F46FF000B9A35D /* Persistence.swift */; };
		56789E2F26F46FF000B9A35D /* PoliceRecorder.xcdatamodeld in Sources */ = {isa = PBXBuildFile; fileRef = 56789E2D26F46FF000B9A35D /* PoliceRecorder.xcdatamodeld */; };
		56789E3A26F46FF000B9A35D /* PoliceRecorderTests.swift in Sources */ = {isa = PBXBuildFile; fileRef = 56789E3926F46FF000B9A35D /* PoliceRecorderTests.swift */; };
		56789E4526F46FF000B9A35D /* PoliceRecorderUITests.swift in Sources */ = {isa = PBXBuildFile; fileRef = 56789E4426F46FF000B9A35D /* PoliceRecorderUITests.swift */; };
		56789E5326F470EA00B9A35D /* Podfile in Resources */ = {isa = PBXBuildFile; fileRef = 56789E5226F470EA00B9A35D /* Podfile */; };
		56789E5726F4726700B9A35D /* TodoFirebaseApp.swift in Sources */ = {isa = PBXBuildFile; fileRef = 56789E5626F4726700B9A35D /* TodoFirebaseApp.swift */; };
		56789E5826F4726700B9A35D /* TodoFirebaseApp.swift in Sources */ = {isa = PBXBuildFile; fileRef = 56789E5626F4726700B9A35D /* TodoFirebaseApp.swift */; };
		56789E5926F4726700B9A35D /* TodoFirebaseApp.swift in Sources */ = {isa = PBXBuildFile; fileRef = 56789E5626F4726700B9A35D /* TodoFirebaseApp.swift */; };
		56789E5B26F47B2200B9A35D /* LoginView.swift in Sources */ = {isa = PBXBuildFile; fileRef = 56789E5A26F47B2200B9A35D /* LoginView.swift */; };
		56789E5C26F47B2200B9A35D /* LoginView.swift in Sources */ = {isa = PBXBuildFile; fileRef = 56789E5A26F47B2200B9A35D /* LoginView.swift */; };
		56789E5D26F47B2200B9A35D /* LoginView.swift in Sources */ = {isa = PBXBuildFile; fileRef = 56789E5A26F47B2200B9A35D /* LoginView.swift */; };
		56789E5F26F47BA400B9A35D /* AuthBackend.swift in Sources */ = {isa = PBXBuildFile; fileRef = 56789E5E26F47BA400B9A35D /* AuthBackend.swift */; };
		56789E6026F47BA400B9A35D /* AuthBackend.swift in Sources */ = {isa = PBXBuildFile; fileRef = 56789E5E26F47BA400B9A35D /* AuthBackend.swift */; };
		56789E6126F47BA400B9A35D /* AuthBackend.swift in Sources */ = {isa = PBXBuildFile; fileRef = 56789E5E26F47BA400B9A35D /* AuthBackend.swift */; };
		6F2E168826F5A481004D9647 /* RegistrationView.swift in Sources */ = {isa = PBXBuildFile; fileRef = 6F2E168726F5A481004D9647 /* RegistrationView.swift */; };
		6F2E168926F5A481004D9647 /* RegistrationView.swift in Sources */ = {isa = PBXBuildFile; fileRef = 6F2E168726F5A481004D9647 /* RegistrationView.swift */; };
		6F2E168A26F5A481004D9647 /* RegistrationView.swift in Sources */ = {isa = PBXBuildFile; fileRef = 6F2E168726F5A481004D9647 /* RegistrationView.swift */; };
		9924F342F5F7F69C4FBFB6B1 /* Pods_PoliceRecorder.framework in Frameworks */ = {isa = PBXBuildFile; fileRef = 8A062C0733368281B0B204B0 /* Pods_PoliceRecorder.framework */; };
		D02EC2DF26F58299000C4670 /* HomeView.swift in Sources */ = {isa = PBXBuildFile; fileRef = D02EC2DE26F58299000C4670 /* HomeView.swift */; };
		D02EC2E026F58299000C4670 /* HomeView.swift in Sources */ = {isa = PBXBuildFile; fileRef = D02EC2DE26F58299000C4670 /* HomeView.swift */; };
		D02EC2E126F58299000C4670 /* HomeView.swift in Sources */ = {isa = PBXBuildFile; fileRef = D02EC2DE26F58299000C4670 /* HomeView.swift */; };
		D02EC39C26F5B98B000C4670 /* SwiftSpeech in Frameworks */ = {isa = PBXBuildFile; productRef = D02EC39B26F5B98B000C4670 /* SwiftSpeech */; };
		D02EC39E26F5BB3C000C4670 /* SpeechRecognitionView.swift in Sources */ = {isa = PBXBuildFile; fileRef = D02EC39D26F5BB3C000C4670 /* SpeechRecognitionView.swift */; };
		D02EC39F26F5BB3C000C4670 /* SpeechRecognitionView.swift in Sources */ = {isa = PBXBuildFile; fileRef = D02EC39D26F5BB3C000C4670 /* SpeechRecognitionView.swift */; };
		D02EC3A026F5BB3C000C4670 /* SpeechRecognitionView.swift in Sources */ = {isa = PBXBuildFile; fileRef = D02EC39D26F5BB3C000C4670 /* SpeechRecognitionView.swift */; };
		D02EC3EB26F68AA6000C4670 /* DemoCustom.swift in Sources */ = {isa = PBXBuildFile; fileRef = D02EC3EA26F68AA6000C4670 /* DemoCustom.swift */; };
		D02EC3EC26F68AA6000C4670 /* DemoCustom.swift in Sources */ = {isa = PBXBuildFile; fileRef = D02EC3EA26F68AA6000C4670 /* DemoCustom.swift */; };
		D02EC3ED26F68AA6000C4670 /* DemoCustom.swift in Sources */ = {isa = PBXBuildFile; fileRef = D02EC3EA26F68AA6000C4670 /* DemoCustom.swift */; };
		E751304DADD61F0A533CC586 /* Pods_PoliceRecorder_PoliceRecorderUITests.framework in Frameworks */ = {isa = PBXBuildFile; fileRef = AE0A3FC56036B5A45FFB11C1 /* Pods_PoliceRecorder_PoliceRecorderUITests.framework */; };
/* End PBXBuildFile section */

/* Begin PBXContainerItemProxy section */
		56789E3626F46FF000B9A35D /* PBXContainerItemProxy */ = {
			isa = PBXContainerItemProxy;
			containerPortal = 56789E1726F46FEC00B9A35D /* Project object */;
			proxyType = 1;
			remoteGlobalIDString = 56789E1E26F46FEC00B9A35D;
			remoteInfo = PoliceRecorder;
		};
		56789E4126F46FF000B9A35D /* PBXContainerItemProxy */ = {
			isa = PBXContainerItemProxy;
			containerPortal = 56789E1726F46FEC00B9A35D /* Project object */;
			proxyType = 1;
			remoteGlobalIDString = 56789E1E26F46FEC00B9A35D;
			remoteInfo = PoliceRecorder;
		};
/* End PBXContainerItemProxy section */

/* Begin PBXFileReference section */
		3F0FFE14BECB6660C060CE7D /* Pods-PoliceRecorderTests.release.xcconfig */ = {isa = PBXFileReference; includeInIndex = 1; lastKnownFileType = text.xcconfig; name = "Pods-PoliceRecorderTests.release.xcconfig"; path = "Target Support Files/Pods-PoliceRecorderTests/Pods-PoliceRecorderTests.release.xcconfig"; sourceTree = "<group>"; };
		5661546526F57B4100C559DD /* RegistrationBackend.swift */ = {isa = PBXFileReference; lastKnownFileType = sourcecode.swift; path = RegistrationBackend.swift; sourceTree = "<group>"; };
		5661546B26F583B200C559DD /* AudioRecorder.swift */ = {isa = PBXFileReference; lastKnownFileType = sourcecode.swift; path = AudioRecorder.swift; sourceTree = "<group>"; };
		5661547326F5B40E00C559DD /* EmergencyContactsView.swift */ = {isa = PBXFileReference; lastKnownFileType = sourcecode.swift; path = EmergencyContactsView.swift; sourceTree = "<group>"; };
		5661547F26F5D25600C559DD /* AddEmergencyContactsView.swift */ = {isa = PBXFileReference; lastKnownFileType = sourcecode.swift; path = AddEmergencyContactsView.swift; sourceTree = "<group>"; };
		5661548326F5D27900C559DD /* GoogleService-Info.plist */ = {isa = PBXFileReference; fileEncoding = 4; lastKnownFileType = text.plist.xml; name = "GoogleService-Info.plist"; path = "../../../Downloads/GoogleService-Info.plist"; sourceTree = "<group>"; };
		56789E1F26F46FEC00B9A35D /* PoliceRecorder.app */ = {isa = PBXFileReference; explicitFileType = wrapper.application; includeInIndex = 0; path = PoliceRecorder.app; sourceTree = BUILT_PRODUCTS_DIR; };
		56789E2226F46FEC00B9A35D /* PoliceRecorderApp.swift */ = {isa = PBXFileReference; lastKnownFileType = sourcecode.swift; path = PoliceRecorderApp.swift; sourceTree = "<group>"; };
		56789E2426F46FEC00B9A35D /* ContentView.swift */ = {isa = PBXFileReference; lastKnownFileType = sourcecode.swift; path = ContentView.swift; sourceTree = "<group>"; };
		56789E2626F46FF000B9A35D /* Assets.xcassets */ = {isa = PBXFileReference; lastKnownFileType = folder.assetcatalog; path = Assets.xcassets; sourceTree = "<group>"; };
		56789E2926F46FF000B9A35D /* Preview Assets.xcassets */ = {isa = PBXFileReference; lastKnownFileType = folder.assetcatalog; path = "Preview Assets.xcassets"; sourceTree = "<group>"; };
		56789E2B26F46FF000B9A35D /* Persistence.swift */ = {isa = PBXFileReference; lastKnownFileType = sourcecode.swift; path = Persistence.swift; sourceTree = "<group>"; };
		56789E2E26F46FF000B9A35D /* PoliceRecorder.xcdatamodel */ = {isa = PBXFileReference; lastKnownFileType = wrapper.xcdatamodel; path = PoliceRecorder.xcdatamodel; sourceTree = "<group>"; };
		56789E3026F46FF000B9A35D /* Info.plist */ = {isa = PBXFileReference; lastKnownFileType = text.plist.xml; path = Info.plist; sourceTree = "<group>"; };
		56789E3526F46FF000B9A35D /* PoliceRecorderTests.xctest */ = {isa = PBXFileReference; explicitFileType = wrapper.cfbundle; includeInIndex = 0; path = PoliceRecorderTests.xctest; sourceTree = BUILT_PRODUCTS_DIR; };
		56789E3926F46FF000B9A35D /* PoliceRecorderTests.swift */ = {isa = PBXFileReference; lastKnownFileType = sourcecode.swift; path = PoliceRecorderTests.swift; sourceTree = "<group>"; };
		56789E3B26F46FF000B9A35D /* Info.plist */ = {isa = PBXFileReference; lastKnownFileType = text.plist.xml; path = Info.plist; sourceTree = "<group>"; };
		56789E4026F46FF000B9A35D /* PoliceRecorderUITests.xctest */ = {isa = PBXFileReference; explicitFileType = wrapper.cfbundle; includeInIndex = 0; path = PoliceRecorderUITests.xctest; sourceTree = BUILT_PRODUCTS_DIR; };
		56789E4426F46FF000B9A35D /* PoliceRecorderUITests.swift */ = {isa = PBXFileReference; lastKnownFileType = sourcecode.swift; path = PoliceRecorderUITests.swift; sourceTree = "<group>"; };
		56789E4626F46FF000B9A35D /* Info.plist */ = {isa = PBXFileReference; lastKnownFileType = text.plist.xml; path = Info.plist; sourceTree = "<group>"; };
		56789E5226F470EA00B9A35D /* Podfile */ = {isa = PBXFileReference; fileEncoding = 4; lastKnownFileType = text; path = Podfile; sourceTree = "<group>"; xcLanguageSpecificationIdentifier = xcode.lang.ruby; };
		56789E5626F4726700B9A35D /* TodoFirebaseApp.swift */ = {isa = PBXFileReference; lastKnownFileType = sourcecode.swift; path = TodoFirebaseApp.swift; sourceTree = "<group>"; };
		56789E5A26F47B2200B9A35D /* LoginView.swift */ = {isa = PBXFileReference; lastKnownFileType = sourcecode.swift; path = LoginView.swift; sourceTree = "<group>"; };
		56789E5E26F47BA400B9A35D /* AuthBackend.swift */ = {isa = PBXFileReference; lastKnownFileType = sourcecode.swift; path = AuthBackend.swift; sourceTree = "<group>"; };
		5F6C3B7C85C99A8606492BCB /* Pods-PoliceRecorder.debug.xcconfig */ = {isa = PBXFileReference; includeInIndex = 1; lastKnownFileType = text.xcconfig; name = "Pods-PoliceRecorder.debug.xcconfig"; path = "Target Support Files/Pods-PoliceRecorder/Pods-PoliceRecorder.debug.xcconfig"; sourceTree = "<group>"; };
		6955F217A95A50ECBD5A377C /* Pods-PoliceRecorderTests.debug.xcconfig */ = {isa = PBXFileReference; includeInIndex = 1; lastKnownFileType = text.xcconfig; name = "Pods-PoliceRecorderTests.debug.xcconfig"; path = "Target Support Files/Pods-PoliceRecorderTests/Pods-PoliceRecorderTests.debug.xcconfig"; sourceTree = "<group>"; };
		69B20F75056CF1B2220D5DDF /* Pods-PoliceRecorder-PoliceRecorderUITests.release.xcconfig */ = {isa = PBXFileReference; includeInIndex = 1; lastKnownFileType = text.xcconfig; name = "Pods-PoliceRecorder-PoliceRecorderUITests.release.xcconfig"; path = "Target Support Files/Pods-PoliceRecorder-PoliceRecorderUITests/Pods-PoliceRecorder-PoliceRecorderUITests.release.xcconfig"; sourceTree = "<group>"; };
		6F2E168726F5A481004D9647 /* RegistrationView.swift */ = {isa = PBXFileReference; lastKnownFileType = sourcecode.swift; path = RegistrationView.swift; sourceTree = "<group>"; };
		8A062C0733368281B0B204B0 /* Pods_PoliceRecorder.framework */ = {isa = PBXFileReference; explicitFileType = wrapper.framework; includeInIndex = 0; path = Pods_PoliceRecorder.framework; sourceTree = BUILT_PRODUCTS_DIR; };
		907D08BC99753F1CE517C986 /* Pods_PoliceRecorderTests.framework */ = {isa = PBXFileReference; explicitFileType = wrapper.framework; includeInIndex = 0; path = Pods_PoliceRecorderTests.framework; sourceTree = BUILT_PRODUCTS_DIR; };
		AE0A3FC56036B5A45FFB11C1 /* Pods_PoliceRecorder_PoliceRecorderUITests.framework */ = {isa = PBXFileReference; explicitFileType = wrapper.framework; includeInIndex = 0; path = Pods_PoliceRecorder_PoliceRecorderUITests.framework; sourceTree = BUILT_PRODUCTS_DIR; };
		B2F01475998119829C9C724D /* Pods-PoliceRecorder.release.xcconfig */ = {isa = PBXFileReference; includeInIndex = 1; lastKnownFileType = text.xcconfig; name = "Pods-PoliceRecorder.release.xcconfig"; path = "Target Support Files/Pods-PoliceRecorder/Pods-PoliceRecorder.release.xcconfig"; sourceTree = "<group>"; };
		D02EC2DE26F58299000C4670 /* HomeView.swift */ = {isa = PBXFileReference; lastKnownFileType = sourcecode.swift; path = HomeView.swift; sourceTree = "<group>"; };
		D02EC39D26F5BB3C000C4670 /* SpeechRecognitionView.swift */ = {isa = PBXFileReference; lastKnownFileType = sourcecode.swift; path = SpeechRecognitionView.swift; sourceTree = "<group>"; };
		D02EC3EA26F68AA6000C4670 /* DemoCustom.swift */ = {isa = PBXFileReference; lastKnownFileType = sourcecode.swift; path = DemoCustom.swift; sourceTree = "<group>"; };
		E05371333FB36B2BD4CB7A52 /* Pods-PoliceRecorder-PoliceRecorderUITests.debug.xcconfig */ = {isa = PBXFileReference; includeInIndex = 1; lastKnownFileType = text.xcconfig; name = "Pods-PoliceRecorder-PoliceRecorderUITests.debug.xcconfig"; path = "Target Support Files/Pods-PoliceRecorder-PoliceRecorderUITests/Pods-PoliceRecorder-PoliceRecorderUITests.debug.xcconfig"; sourceTree = "<group>"; };
/* End PBXFileReference section */

/* Begin PBXFrameworksBuildPhase section */
		56789E1C26F46FEC00B9A35D /* Frameworks */ = {
			isa = PBXFrameworksBuildPhase;
			buildActionMask = 2147483647;
			files = (
				D02EC39C26F5B98B000C4670 /* SwiftSpeech in Frameworks */,
				9924F342F5F7F69C4FBFB6B1 /* Pods_PoliceRecorder.framework in Frameworks */,
			);
			runOnlyForDeploymentPostprocessing = 0;
		};
		56789E3226F46FF000B9A35D /* Frameworks */ = {
			isa = PBXFrameworksBuildPhase;
			buildActionMask = 2147483647;
			files = (
				17A6094108C262275E354E3E /* Pods_PoliceRecorderTests.framework in Frameworks */,
			);
			runOnlyForDeploymentPostprocessing = 0;
		};
		56789E3D26F46FF000B9A35D /* Frameworks */ = {
			isa = PBXFrameworksBuildPhase;
			buildActionMask = 2147483647;
			files = (
				E751304DADD61F0A533CC586 /* Pods_PoliceRecorder_PoliceRecorderUITests.framework in Frameworks */,
			);
			runOnlyForDeploymentPostprocessing = 0;
		};
/* End PBXFrameworksBuildPhase section */

/* Begin PBXGroup section */
		2D6B040EC324E92039008F7D /* Pods */ = {
			isa = PBXGroup;
			children = (
				5F6C3B7C85C99A8606492BCB /* Pods-PoliceRecorder.debug.xcconfig */,
				B2F01475998119829C9C724D /* Pods-PoliceRecorder.release.xcconfig */,
				E05371333FB36B2BD4CB7A52 /* Pods-PoliceRecorder-PoliceRecorderUITests.debug.xcconfig */,
				69B20F75056CF1B2220D5DDF /* Pods-PoliceRecorder-PoliceRecorderUITests.release.xcconfig */,
				6955F217A95A50ECBD5A377C /* Pods-PoliceRecorderTests.debug.xcconfig */,
				3F0FFE14BECB6660C060CE7D /* Pods-PoliceRecorderTests.release.xcconfig */,
			);
			path = Pods;
			sourceTree = "<group>";
		};
		56789E1626F46FEC00B9A35D = {
			isa = PBXGroup;
			children = (
				5661548326F5D27900C559DD /* GoogleService-Info.plist */,
				56789E5226F470EA00B9A35D /* Podfile */,
				56789E2126F46FEC00B9A35D /* PoliceRecorder */,
				56789E3826F46FF000B9A35D /* PoliceRecorderTests */,
				56789E4326F46FF000B9A35D /* PoliceRecorderUITests */,
				56789E2026F46FEC00B9A35D /* Products */,
				2D6B040EC324E92039008F7D /* Pods */,
				E37FC1772B67D873EDA65071 /* Frameworks */,
			);
			sourceTree = "<group>";
		};
		56789E2026F46FEC00B9A35D /* Products */ = {
			isa = PBXGroup;
			children = (
				56789E1F26F46FEC00B9A35D /* PoliceRecorder.app */,
				56789E3526F46FF000B9A35D /* PoliceRecorderTests.xctest */,
				56789E4026F46FF000B9A35D /* PoliceRecorderUITests.xctest */,
			);
			name = Products;
			sourceTree = "<group>";
		};
		56789E2126F46FEC00B9A35D /* PoliceRecorder */ = {
			isa = PBXGroup;
			children = (
				56789E2226F46FEC00B9A35D /* PoliceRecorderApp.swift */,
				5661547F26F5D25600C559DD /* AddEmergencyContactsView.swift */,
				56789E5A26F47B2200B9A35D /* LoginView.swift */,
				5661547326F5B40E00C559DD /* EmergencyContactsView.swift */,
				6F2E168726F5A481004D9647 /* RegistrationView.swift */,
				56789E5E26F47BA400B9A35D /* AuthBackend.swift */,
				5661546B26F583B200C559DD /* AudioRecorder.swift */,
				5661546526F57B4100C559DD /* RegistrationBackend.swift */,
				D02EC2DE26F58299000C4670 /* HomeView.swift */,
				D02EC39D26F5BB3C000C4670 /* SpeechRecognitionView.swift */,
				D02EC3EA26F68AA6000C4670 /* DemoCustom.swift */,
				56789E5626F4726700B9A35D /* TodoFirebaseApp.swift */,
				56789E2426F46FEC00B9A35D /* ContentView.swift */,
				56789E2626F46FF000B9A35D /* Assets.xcassets */,
				56789E2B26F46FF000B9A35D /* Persistence.swift */,
				56789E3026F46FF000B9A35D /* Info.plist */,
				56789E2D26F46FF000B9A35D /* PoliceRecorder.xcdatamodeld */,
				56789E2826F46FF000B9A35D /* Preview Content */,
			);
			path = PoliceRecorder;
			sourceTree = "<group>";
		};
		56789E2826F46FF000B9A35D /* Preview Content */ = {
			isa = PBXGroup;
			children = (
				56789E2926F46FF000B9A35D /* Preview Assets.xcassets */,
			);
			path = "Preview Content";
			sourceTree = "<group>";
		};
		56789E3826F46FF000B9A35D /* PoliceRecorderTests */ = {
			isa = PBXGroup;
			children = (
				56789E3926F46FF000B9A35D /* PoliceRecorderTests.swift */,
				56789E3B26F46FF000B9A35D /* Info.plist */,
			);
			path = PoliceRecorderTests;
			sourceTree = "<group>";
		};
		56789E4326F46FF000B9A35D /* PoliceRecorderUITests */ = {
			isa = PBXGroup;
			children = (
				56789E4426F46FF000B9A35D /* PoliceRecorderUITests.swift */,
				56789E4626F46FF000B9A35D /* Info.plist */,
			);
			path = PoliceRecorderUITests;
			sourceTree = "<group>";
		};
		E37FC1772B67D873EDA65071 /* Frameworks */ = {
			isa = PBXGroup;
			children = (
				8A062C0733368281B0B204B0 /* Pods_PoliceRecorder.framework */,
				AE0A3FC56036B5A45FFB11C1 /* Pods_PoliceRecorder_PoliceRecorderUITests.framework */,
				907D08BC99753F1CE517C986 /* Pods_PoliceRecorderTests.framework */,
			);
			name = Frameworks;
			sourceTree = "<group>";
		};
/* End PBXGroup section */

/* Begin PBXNativeTarget section */
		56789E1E26F46FEC00B9A35D /* PoliceRecorder */ = {
			isa = PBXNativeTarget;
			buildConfigurationList = 56789E4926F46FF000B9A35D /* Build configuration list for PBXNativeTarget "PoliceRecorder" */;
			buildPhases = (
				91806BBFA1A0DE4258979FB5 /* [CP] Check Pods Manifest.lock */,
				56789E1B26F46FEC00B9A35D /* Sources */,
				56789E1C26F46FEC00B9A35D /* Frameworks */,
				56789E1D26F46FEC00B9A35D /* Resources */,
				2B757DE9DD4E7D05D357B9F9 /* [CP] Embed Pods Frameworks */,
			);
			buildRules = (
			);
			dependencies = (
			);
			name = PoliceRecorder;
			packageProductDependencies = (
				D02EC39B26F5B98B000C4670 /* SwiftSpeech */,
			);
			productName = PoliceRecorder;
			productReference = 56789E1F26F46FEC00B9A35D /* PoliceRecorder.app */;
			productType = "com.apple.product-type.application";
		};
		56789E3426F46FF000B9A35D /* PoliceRecorderTests */ = {
			isa = PBXNativeTarget;
			buildConfigurationList = 56789E4C26F46FF000B9A35D /* Build configuration list for PBXNativeTarget "PoliceRecorderTests" */;
			buildPhases = (
				F047758B121D69C098A8085E /* [CP] Check Pods Manifest.lock */,
				56789E3126F46FF000B9A35D /* Sources */,
				56789E3226F46FF000B9A35D /* Frameworks */,
				56789E3326F46FF000B9A35D /* Resources */,
			);
			buildRules = (
			);
			dependencies = (
				56789E3726F46FF000B9A35D /* PBXTargetDependency */,
			);
			name = PoliceRecorderTests;
			productName = PoliceRecorderTests;
			productReference = 56789E3526F46FF000B9A35D /* PoliceRecorderTests.xctest */;
			productType = "com.apple.product-type.bundle.unit-test";
		};
		56789E3F26F46FF000B9A35D /* PoliceRecorderUITests */ = {
			isa = PBXNativeTarget;
			buildConfigurationList = 56789E4F26F46FF000B9A35D /* Build configuration list for PBXNativeTarget "PoliceRecorderUITests" */;
			buildPhases = (
				D0244CD3E1BDDDDBFAB7EC82 /* [CP] Check Pods Manifest.lock */,
				56789E3C26F46FF000B9A35D /* Sources */,
				56789E3D26F46FF000B9A35D /* Frameworks */,
				56789E3E26F46FF000B9A35D /* Resources */,
				68B9DE886D2E1611D36044E7 /* [CP] Embed Pods Frameworks */,
			);
			buildRules = (
			);
			dependencies = (
				56789E4226F46FF000B9A35D /* PBXTargetDependency */,
			);
			name = PoliceRecorderUITests;
			productName = PoliceRecorderUITests;
			productReference = 56789E4026F46FF000B9A35D /* PoliceRecorderUITests.xctest */;
			productType = "com.apple.product-type.bundle.ui-testing";
		};
/* End PBXNativeTarget section */

/* Begin PBXProject section */
		56789E1726F46FEC00B9A35D /* Project object */ = {
			isa = PBXProject;
			attributes = {
				LastSwiftUpdateCheck = 1250;
				LastUpgradeCheck = 1250;
				TargetAttributes = {
					56789E1E26F46FEC00B9A35D = {
						CreatedOnToolsVersion = 12.5.1;
					};
					56789E3426F46FF000B9A35D = {
						CreatedOnToolsVersion = 12.5.1;
						TestTargetID = 56789E1E26F46FEC00B9A35D;
					};
					56789E3F26F46FF000B9A35D = {
						CreatedOnToolsVersion = 12.5.1;
						TestTargetID = 56789E1E26F46FEC00B9A35D;
					};
				};
			};
			buildConfigurationList = 56789E1A26F46FEC00B9A35D /* Build configuration list for PBXProject "PoliceRecorder" */;
			compatibilityVersion = "Xcode 9.3";
			developmentRegion = en;
			hasScannedForEncodings = 0;
			knownRegions = (
				en,
				Base,
			);
			mainGroup = 56789E1626F46FEC00B9A35D;
			packageReferences = (
				D02EC39A26F5B98B000C4670 /* XCRemoteSwiftPackageReference "SwiftSpeech" */,
			);
			productRefGroup = 56789E2026F46FEC00B9A35D /* Products */;
			projectDirPath = "";
			projectRoot = "";
			targets = (
				56789E1E26F46FEC00B9A35D /* PoliceRecorder */,
				56789E3426F46FF000B9A35D /* PoliceRecorderTests */,
				56789E3F26F46FF000B9A35D /* PoliceRecorderUITests */,
			);
		};
/* End PBXProject section */

/* Begin PBXResourcesBuildPhase section */
		56789E1D26F46FEC00B9A35D /* Resources */ = {
			isa = PBXResourcesBuildPhase;
			buildActionMask = 2147483647;
			files = (
				56789E5326F470EA00B9A35D /* Podfile in Resources */,
				56789E2A26F46FF000B9A35D /* Preview Assets.xcassets in Resources */,
				5661548426F5D27900C559DD /* GoogleService-Info.plist in Resources */,
				56789E2726F46FF000B9A35D /* Assets.xcassets in Resources */,
			);
			runOnlyForDeploymentPostprocessing = 0;
		};
		56789E3326F46FF000B9A35D /* Resources */ = {
			isa = PBXResourcesBuildPhase;
			buildActionMask = 2147483647;
			files = (
				5661548526F5D27900C559DD /* GoogleService-Info.plist in Resources */,
			);
			runOnlyForDeploymentPostprocessing = 0;
		};
		56789E3E26F46FF000B9A35D /* Resources */ = {
			isa = PBXResourcesBuildPhase;
			buildActionMask = 2147483647;
			files = (
				5661548626F5D27900C559DD /* GoogleService-Info.plist in Resources */,
			);
			runOnlyForDeploymentPostprocessing = 0;
		};
/* End PBXResourcesBuildPhase section */

/* Begin PBXShellScriptBuildPhase section */
		2B757DE9DD4E7D05D357B9F9 /* [CP] Embed Pods Frameworks */ = {
			isa = PBXShellScriptBuildPhase;
			buildActionMask = 2147483647;
			files = (
			);
			inputFileListPaths = (
				"${PODS_ROOT}/Target Support Files/Pods-PoliceRecorder/Pods-PoliceRecorder-frameworks-${CONFIGURATION}-input-files.xcfilelist",
			);
			name = "[CP] Embed Pods Frameworks";
			outputFileListPaths = (
				"${PODS_ROOT}/Target Support Files/Pods-PoliceRecorder/Pods-PoliceRecorder-frameworks-${CONFIGURATION}-output-files.xcfilelist",
			);
			runOnlyForDeploymentPostprocessing = 0;
			shellPath = /bin/sh;
			shellScript = "\"${PODS_ROOT}/Target Support Files/Pods-PoliceRecorder/Pods-PoliceRecorder-frameworks.sh\"\n";
			showEnvVarsInLog = 0;
		};
		68B9DE886D2E1611D36044E7 /* [CP] Embed Pods Frameworks */ = {
			isa = PBXShellScriptBuildPhase;
			buildActionMask = 2147483647;
			files = (
			);
			inputFileListPaths = (
				"${PODS_ROOT}/Target Support Files/Pods-PoliceRecorder-PoliceRecorderUITests/Pods-PoliceRecorder-PoliceRecorderUITests-frameworks-${CONFIGURATION}-input-files.xcfilelist",
			);
			name = "[CP] Embed Pods Frameworks";
			outputFileListPaths = (
				"${PODS_ROOT}/Target Support Files/Pods-PoliceRecorder-PoliceRecorderUITests/Pods-PoliceRecorder-PoliceRecorderUITests-frameworks-${CONFIGURATION}-output-files.xcfilelist",
			);
			runOnlyForDeploymentPostprocessing = 0;
			shellPath = /bin/sh;
			shellScript = "\"${PODS_ROOT}/Target Support Files/Pods-PoliceRecorder-PoliceRecorderUITests/Pods-PoliceRecorder-PoliceRecorderUITests-frameworks.sh\"\n";
			showEnvVarsInLog = 0;
		};
		91806BBFA1A0DE4258979FB5 /* [CP] Check Pods Manifest.lock */ = {
			isa = PBXShellScriptBuildPhase;
			buildActionMask = 2147483647;
			files = (
			);
			inputFileListPaths = (
			);
			inputPaths = (
				"${PODS_PODFILE_DIR_PATH}/Podfile.lock",
				"${PODS_ROOT}/Manifest.lock",
			);
			name = "[CP] Check Pods Manifest.lock";
			outputFileListPaths = (
			);
			outputPaths = (
				"$(DERIVED_FILE_DIR)/Pods-PoliceRecorder-checkManifestLockResult.txt",
			);
			runOnlyForDeploymentPostprocessing = 0;
			shellPath = /bin/sh;
			shellScript = "diff \"${PODS_PODFILE_DIR_PATH}/Podfile.lock\" \"${PODS_ROOT}/Manifest.lock\" > /dev/null\nif [ $? != 0 ] ; then\n    # print error to STDERR\n    echo \"error: The sandbox is not in sync with the Podfile.lock. Run 'pod install' or update your CocoaPods installation.\" >&2\n    exit 1\nfi\n# This output is used by Xcode 'outputs' to avoid re-running this script phase.\necho \"SUCCESS\" > \"${SCRIPT_OUTPUT_FILE_0}\"\n";
			showEnvVarsInLog = 0;
		};
		D0244CD3E1BDDDDBFAB7EC82 /* [CP] Check Pods Manifest.lock */ = {
			isa = PBXShellScriptBuildPhase;
			buildActionMask = 2147483647;
			files = (
			);
			inputFileListPaths = (
			);
			inputPaths = (
				"${PODS_PODFILE_DIR_PATH}/Podfile.lock",
				"${PODS_ROOT}/Manifest.lock",
			);
			name = "[CP] Check Pods Manifest.lock";
			outputFileListPaths = (
			);
			outputPaths = (
				"$(DERIVED_FILE_DIR)/Pods-PoliceRecorder-PoliceRecorderUITests-checkManifestLockResult.txt",
			);
			runOnlyForDeploymentPostprocessing = 0;
			shellPath = /bin/sh;
			shellScript = "diff \"${PODS_PODFILE_DIR_PATH}/Podfile.lock\" \"${PODS_ROOT}/Manifest.lock\" > /dev/null\nif [ $? != 0 ] ; then\n    # print error to STDERR\n    echo \"error: The sandbox is not in sync with the Podfile.lock. Run 'pod install' or update your CocoaPods installation.\" >&2\n    exit 1\nfi\n# This output is used by Xcode 'outputs' to avoid re-running this script phase.\necho \"SUCCESS\" > \"${SCRIPT_OUTPUT_FILE_0}\"\n";
			showEnvVarsInLog = 0;
		};
		F047758B121D69C098A8085E /* [CP] Check Pods Manifest.lock */ = {
			isa = PBXShellScriptBuildPhase;
			buildActionMask = 2147483647;
			files = (
			);
			inputFileListPaths = (
			);
			inputPaths = (
				"${PODS_PODFILE_DIR_PATH}/Podfile.lock",
				"${PODS_ROOT}/Manifest.lock",
			);
			name = "[CP] Check Pods Manifest.lock";
			outputFileListPaths = (
			);
			outputPaths = (
				"$(DERIVED_FILE_DIR)/Pods-PoliceRecorderTests-checkManifestLockResult.txt",
			);
			runOnlyForDeploymentPostprocessing = 0;
			shellPath = /bin/sh;
			shellScript = "diff \"${PODS_PODFILE_DIR_PATH}/Podfile.lock\" \"${PODS_ROOT}/Manifest.lock\" > /dev/null\nif [ $? != 0 ] ; then\n    # print error to STDERR\n    echo \"error: The sandbox is not in sync with the Podfile.lock. Run 'pod install' or update your CocoaPods installation.\" >&2\n    exit 1\nfi\n# This output is used by Xcode 'outputs' to avoid re-running this script phase.\necho \"SUCCESS\" > \"${SCRIPT_OUTPUT_FILE_0}\"\n";
			showEnvVarsInLog = 0;
		};
/* End PBXShellScriptBuildPhase section */

/* Begin PBXSourcesBuildPhase section */
		56789E1B26F46FEC00B9A35D /* Sources */ = {
			isa = PBXSourcesBuildPhase;
			buildActionMask = 2147483647;
			files = (
				6F2E168826F5A481004D9647 /* RegistrationView.swift in Sources */,
				D02EC2DF26F58299000C4670 /* HomeView.swift in Sources */,
				56789E5B26F47B2200B9A35D /* LoginView.swift in Sources */,
				56789E5726F4726700B9A35D /* TodoFirebaseApp.swift in Sources */,
				56789E2C26F46FF000B9A35D /* Persistence.swift in Sources */,
				D02EC3EB26F68AA6000C4670 /* DemoCustom.swift in Sources */,
				5661546C26F583B200C559DD /* AudioRecorder.swift in Sources */,
				56789E2F26F46FF000B9A35D /* PoliceRecorder.xcdatamodeld in Sources */,
				5661547426F5B40E00C559DD /* EmergencyContactsView.swift in Sources */,
				56789E2526F46FEC00B9A35D /* ContentView.swift in Sources */,
				5661548026F5D25600C559DD /* AddEmergencyContactsView.swift in Sources */,
				56789E5F26F47BA400B9A35D /* AuthBackend.swift in Sources */,
				D02EC39E26F5BB3C000C4670 /* SpeechRecognitionView.swift in Sources */,
				56789E2326F46FEC00B9A35D /* PoliceRecorderApp.swift in Sources */,
				5661546626F57B4100C559DD /* RegistrationBackend.swift in Sources */,
			);
			runOnlyForDeploymentPostprocessing = 0;
		};
		56789E3126F46FF000B9A35D /* Sources */ = {
			isa = PBXSourcesBuildPhase;
			buildActionMask = 2147483647;
			files = (
				5661546D26F583B200C559DD /* AudioRecorder.swift in Sources */,
				56789E5C26F47B2200B9A35D /* LoginView.swift in Sources */,
				56789E5826F4726700B9A35D /* TodoFirebaseApp.swift in Sources */,
				5661548126F5D25600C559DD /* AddEmergencyContactsView.swift in Sources */,
				6F2E168926F5A481004D9647 /* RegistrationView.swift in Sources */,
				56789E6026F47BA400B9A35D /* AuthBackend.swift in Sources */,
				D02EC2E026F58299000C4670 /* HomeView.swift in Sources */,
				D02EC39F26F5BB3C000C4670 /* SpeechRecognitionView.swift in Sources */,
				56789E3A26F46FF000B9A35D /* PoliceRecorderTests.swift in Sources */,
				D02EC3EC26F68AA6000C4670 /* DemoCustom.swift in Sources */,
				5661547526F5B40E00C559DD /* EmergencyContactsView.swift in Sources */,
			);
			runOnlyForDeploymentPostprocessing = 0;
		};
		56789E3C26F46FF000B9A35D /* Sources */ = {
			isa = PBXSourcesBuildPhase;
			buildActionMask = 2147483647;
			files = (
				5661546E26F583B200C559DD /* AudioRecorder.swift in Sources */,
				56789E5D26F47B2200B9A35D /* LoginView.swift in Sources */,
				56789E5926F4726700B9A35D /* TodoFirebaseApp.swift in Sources */,
				5661548226F5D25600C559DD /* AddEmergencyContactsView.swift in Sources */,
				6F2E168A26F5A481004D9647 /* RegistrationView.swift in Sources */,
				56789E6126F47BA400B9A35D /* AuthBackend.swift in Sources */,
				D02EC2E126F58299000C4670 /* HomeView.swift in Sources */,
				D02EC3A026F5BB3C000C4670 /* SpeechRecognitionView.swift in Sources */,
				56789E4526F46FF000B9A35D /* PoliceRecorderUITests.swift in Sources */,
				D02EC3ED26F68AA6000C4670 /* DemoCustom.swift in Sources */,
				5661547626F5B40E00C559DD /* EmergencyContactsView.swift in Sources */,
			);
			runOnlyForDeploymentPostprocessing = 0;
		};
/* End PBXSourcesBuildPhase section */

/* Begin PBXTargetDependency section */
		56789E3726F46FF000B9A35D /* PBXTargetDependency */ = {
			isa = PBXTargetDependency;
			target = 56789E1E26F46FEC00B9A35D /* PoliceRecorder */;
			targetProxy = 56789E3626F46FF000B9A35D /* PBXContainerItemProxy */;
		};
		56789E4226F46FF000B9A35D /* PBXTargetDependency */ = {
			isa = PBXTargetDependency;
			target = 56789E1E26F46FEC00B9A35D /* PoliceRecorder */;
			targetProxy = 56789E4126F46FF000B9A35D /* PBXContainerItemProxy */;
		};
/* End PBXTargetDependency section */

/* Begin XCBuildConfiguration section */
		56789E4726F46FF000B9A35D /* Debug */ = {
			isa = XCBuildConfiguration;
			buildSettings = {
				ALWAYS_SEARCH_USER_PATHS = NO;
				CLANG_ANALYZER_NONNULL = YES;
				CLANG_ANALYZER_NUMBER_OBJECT_CONVERSION = YES_AGGRESSIVE;
				CLANG_CXX_LANGUAGE_STANDARD = "gnu++14";
				CLANG_CXX_LIBRARY = "libc++";
				CLANG_ENABLE_MODULES = YES;
				CLANG_ENABLE_OBJC_ARC = YES;
				CLANG_ENABLE_OBJC_WEAK = YES;
				CLANG_WARN_BLOCK_CAPTURE_AUTORELEASING = YES;
				CLANG_WARN_BOOL_CONVERSION = YES;
				CLANG_WARN_COMMA = YES;
				CLANG_WARN_CONSTANT_CONVERSION = YES;
				CLANG_WARN_DEPRECATED_OBJC_IMPLEMENTATIONS = YES;
				CLANG_WARN_DIRECT_OBJC_ISA_USAGE = YES_ERROR;
				CLANG_WARN_DOCUMENTATION_COMMENTS = YES;
				CLANG_WARN_EMPTY_BODY = YES;
				CLANG_WARN_ENUM_CONVERSION = YES;
				CLANG_WARN_INFINITE_RECURSION = YES;
				CLANG_WARN_INT_CONVERSION = YES;
				CLANG_WARN_NON_LITERAL_NULL_CONVERSION = YES;
				CLANG_WARN_OBJC_IMPLICIT_RETAIN_SELF = YES;
				CLANG_WARN_OBJC_LITERAL_CONVERSION = YES;
				CLANG_WARN_OBJC_ROOT_CLASS = YES_ERROR;
				CLANG_WARN_QUOTED_INCLUDE_IN_FRAMEWORK_HEADER = YES;
				CLANG_WARN_RANGE_LOOP_ANALYSIS = YES;
				CLANG_WARN_STRICT_PROTOTYPES = YES;
				CLANG_WARN_SUSPICIOUS_MOVE = YES;
				CLANG_WARN_UNGUARDED_AVAILABILITY = YES_AGGRESSIVE;
				CLANG_WARN_UNREACHABLE_CODE = YES;
				CLANG_WARN__DUPLICATE_METHOD_MATCH = YES;
				COPY_PHASE_STRIP = NO;
				DEBUG_INFORMATION_FORMAT = dwarf;
				ENABLE_STRICT_OBJC_MSGSEND = YES;
				ENABLE_TESTABILITY = YES;
				GCC_C_LANGUAGE_STANDARD = gnu11;
				GCC_DYNAMIC_NO_PIC = NO;
				GCC_NO_COMMON_BLOCKS = YES;
				GCC_OPTIMIZATION_LEVEL = 0;
				GCC_PREPROCESSOR_DEFINITIONS = (
					"DEBUG=1",
					"$(inherited)",
				);
				GCC_WARN_64_TO_32_BIT_CONVERSION = YES;
				GCC_WARN_ABOUT_RETURN_TYPE = YES_ERROR;
				GCC_WARN_UNDECLARED_SELECTOR = YES;
				GCC_WARN_UNINITIALIZED_AUTOS = YES_AGGRESSIVE;
				GCC_WARN_UNUSED_FUNCTION = YES;
				GCC_WARN_UNUSED_VARIABLE = YES;
				IPHONEOS_DEPLOYMENT_TARGET = 14.5;
				MTL_ENABLE_DEBUG_INFO = INCLUDE_SOURCE;
				MTL_FAST_MATH = YES;
				ONLY_ACTIVE_ARCH = YES;
				SDKROOT = iphoneos;
				SWIFT_ACTIVE_COMPILATION_CONDITIONS = DEBUG;
				SWIFT_OPTIMIZATION_LEVEL = "-Onone";
			};
			name = Debug;
		};
		56789E4826F46FF000B9A35D /* Release */ = {
			isa = XCBuildConfiguration;
			buildSettings = {
				ALWAYS_SEARCH_USER_PATHS = NO;
				CLANG_ANALYZER_NONNULL = YES;
				CLANG_ANALYZER_NUMBER_OBJECT_CONVERSION = YES_AGGRESSIVE;
				CLANG_CXX_LANGUAGE_STANDARD = "gnu++14";
				CLANG_CXX_LIBRARY = "libc++";
				CLANG_ENABLE_MODULES = YES;
				CLANG_ENABLE_OBJC_ARC = YES;
				CLANG_ENABLE_OBJC_WEAK = YES;
				CLANG_WARN_BLOCK_CAPTURE_AUTORELEASING = YES;
				CLANG_WARN_BOOL_CONVERSION = YES;
				CLANG_WARN_COMMA = YES;
				CLANG_WARN_CONSTANT_CONVERSION = YES;
				CLANG_WARN_DEPRECATED_OBJC_IMPLEMENTATIONS = YES;
				CLANG_WARN_DIRECT_OBJC_ISA_USAGE = YES_ERROR;
				CLANG_WARN_DOCUMENTATION_COMMENTS = YES;
				CLANG_WARN_EMPTY_BODY = YES;
				CLANG_WARN_ENUM_CONVERSION = YES;
				CLANG_WARN_INFINITE_RECURSION = YES;
				CLANG_WARN_INT_CONVERSION = YES;
				CLANG_WARN_NON_LITERAL_NULL_CONVERSION = YES;
				CLANG_WARN_OBJC_IMPLICIT_RETAIN_SELF = YES;
				CLANG_WARN_OBJC_LITERAL_CONVERSION = YES;
				CLANG_WARN_OBJC_ROOT_CLASS = YES_ERROR;
				CLANG_WARN_QUOTED_INCLUDE_IN_FRAMEWORK_HEADER = YES;
				CLANG_WARN_RANGE_LOOP_ANALYSIS = YES;
				CLANG_WARN_STRICT_PROTOTYPES = YES;
				CLANG_WARN_SUSPICIOUS_MOVE = YES;
				CLANG_WARN_UNGUARDED_AVAILABILITY = YES_AGGRESSIVE;
				CLANG_WARN_UNREACHABLE_CODE = YES;
				CLANG_WARN__DUPLICATE_METHOD_MATCH = YES;
				COPY_PHASE_STRIP = NO;
				DEBUG_INFORMATION_FORMAT = "dwarf-with-dsym";
				ENABLE_NS_ASSERTIONS = NO;
				ENABLE_STRICT_OBJC_MSGSEND = YES;
				GCC_C_LANGUAGE_STANDARD = gnu11;
				GCC_NO_COMMON_BLOCKS = YES;
				GCC_WARN_64_TO_32_BIT_CONVERSION = YES;
				GCC_WARN_ABOUT_RETURN_TYPE = YES_ERROR;
				GCC_WARN_UNDECLARED_SELECTOR = YES;
				GCC_WARN_UNINITIALIZED_AUTOS = YES_AGGRESSIVE;
				GCC_WARN_UNUSED_FUNCTION = YES;
				GCC_WARN_UNUSED_VARIABLE = YES;
				IPHONEOS_DEPLOYMENT_TARGET = 14.5;
				MTL_ENABLE_DEBUG_INFO = NO;
				MTL_FAST_MATH = YES;
				SDKROOT = iphoneos;
				SWIFT_COMPILATION_MODE = wholemodule;
				SWIFT_OPTIMIZATION_LEVEL = "-O";
				VALIDATE_PRODUCT = YES;
			};
			name = Release;
		};
		56789E4A26F46FF000B9A35D /* Debug */ = {
			isa = XCBuildConfiguration;
			baseConfigurationReference = 5F6C3B7C85C99A8606492BCB /* Pods-PoliceRecorder.debug.xcconfig */;
			buildSettings = {
				ASSETCATALOG_COMPILER_APPICON_NAME = AppIcon;
				ASSETCATALOG_COMPILER_GLOBAL_ACCENT_COLOR_NAME = AccentColor;
				CODE_SIGN_STYLE = Automatic;
				DEVELOPMENT_ASSET_PATHS = "\"PoliceRecorder/Preview Content\"";
				DEVELOPMENT_TEAM = Y26VBSXG4Z;
				ENABLE_PREVIEWS = YES;
				GCC_NO_COMMON_BLOCKS = NO;
				INFOPLIST_FILE = PoliceRecorder/Info.plist;
				IPHONEOS_DEPLOYMENT_TARGET = 14.0;
				LD_RUNPATH_SEARCH_PATHS = (
					"$(inherited)",
					"@executable_path/Frameworks",
				);
				PRODUCT_BUNDLE_IDENTIFIER = "Siddharth-Cherukupalli.PoliceRecorder";
				PRODUCT_NAME = "$(TARGET_NAME)";
				SWIFT_VERSION = 5.0;
				TARGETED_DEVICE_FAMILY = "1,2";
			};
			name = Debug;
		};
		56789E4B26F46FF000B9A35D /* Release */ = {
			isa = XCBuildConfiguration;
			baseConfigurationReference = B2F01475998119829C9C724D /* Pods-PoliceRecorder.release.xcconfig */;
			buildSettings = {
				ASSETCATALOG_COMPILER_APPICON_NAME = AppIcon;
				ASSETCATALOG_COMPILER_GLOBAL_ACCENT_COLOR_NAME = AccentColor;
				CODE_SIGN_STYLE = Automatic;
				DEVELOPMENT_ASSET_PATHS = "\"PoliceRecorder/Preview Content\"";
				DEVELOPMENT_TEAM = Y26VBSXG4Z;
				ENABLE_PREVIEWS = YES;
				GCC_NO_COMMON_BLOCKS = NO;
				INFOPLIST_FILE = PoliceRecorder/Info.plist;
				IPHONEOS_DEPLOYMENT_TARGET = 14.0;
				LD_RUNPATH_SEARCH_PATHS = (
					"$(inherited)",
					"@executable_path/Frameworks",
				);
				PRODUCT_BUNDLE_IDENTIFIER = "Siddharth-Cherukupalli.PoliceRecorder";
				PRODUCT_NAME = "$(TARGET_NAME)";
				SWIFT_VERSION = 5.0;
				TARGETED_DEVICE_FAMILY = "1,2";
			};
			name = Release;
		};
		56789E4D26F46FF000B9A35D /* Debug */ = {
			isa = XCBuildConfiguration;
			baseConfigurationReference = 6955F217A95A50ECBD5A377C /* Pods-PoliceRecorderTests.debug.xcconfig */;
			buildSettings = {
				ALWAYS_EMBED_SWIFT_STANDARD_LIBRARIES = YES;
				BUNDLE_LOADER = "$(TEST_HOST)";
				CODE_SIGN_STYLE = Automatic;
				DEVELOPMENT_TEAM = H3Q5S94X2R;
				INFOPLIST_FILE = PoliceRecorderTests/Info.plist;
				IPHONEOS_DEPLOYMENT_TARGET = 14.0;
				LD_RUNPATH_SEARCH_PATHS = (
					"$(inherited)",
					"@executable_path/Frameworks",
					"@loader_path/Frameworks",
				);
				PRODUCT_BUNDLE_IDENTIFIER = "Siddharth-Cherukupalli.PoliceRecorderTests";
				PRODUCT_NAME = "$(TARGET_NAME)";
				SWIFT_VERSION = 5.0;
				TARGETED_DEVICE_FAMILY = "1,2";
				TEST_HOST = "$(BUILT_PRODUCTS_DIR)/PoliceRecorder.app/PoliceRecorder";
			};
			name = Debug;
		};
		56789E4E26F46FF000B9A35D /* Release */ = {
			isa = XCBuildConfiguration;
			baseConfigurationReference = 3F0FFE14BECB6660C060CE7D /* Pods-PoliceRecorderTests.release.xcconfig */;
			buildSettings = {
				ALWAYS_EMBED_SWIFT_STANDARD_LIBRARIES = YES;
				BUNDLE_LOADER = "$(TEST_HOST)";
				CODE_SIGN_STYLE = Automatic;
				DEVELOPMENT_TEAM = H3Q5S94X2R;
				INFOPLIST_FILE = PoliceRecorderTests/Info.plist;
				IPHONEOS_DEPLOYMENT_TARGET = 14.0;
				LD_RUNPATH_SEARCH_PATHS = (
					"$(inherited)",
					"@executable_path/Frameworks",
					"@loader_path/Frameworks",
				);
				PRODUCT_BUNDLE_IDENTIFIER = "Siddharth-Cherukupalli.PoliceRecorderTests";
				PRODUCT_NAME = "$(TARGET_NAME)";
				SWIFT_VERSION = 5.0;
				TARGETED_DEVICE_FAMILY = "1,2";
				TEST_HOST = "$(BUILT_PRODUCTS_DIR)/PoliceRecorder.app/PoliceRecorder";
			};
			name = Release;
		};
		56789E5026F46FF000B9A35D /* Debug */ = {
			isa = XCBuildConfiguration;
			baseConfigurationReference = E05371333FB36B2BD4CB7A52 /* Pods-PoliceRecorder-PoliceRecorderUITests.debug.xcconfig */;
			buildSettings = {
				ALWAYS_EMBED_SWIFT_STANDARD_LIBRARIES = YES;
				CODE_SIGN_STYLE = Automatic;
				DEVELOPMENT_TEAM = H3Q5S94X2R;
				INFOPLIST_FILE = PoliceRecorderUITests/Info.plist;
				LD_RUNPATH_SEARCH_PATHS = (
					"$(inherited)",
					"@executable_path/Frameworks",
					"@loader_path/Frameworks",
				);
				PRODUCT_BUNDLE_IDENTIFIER = "Siddharth-Cherukupalli.PoliceRecorderUITests";
				PRODUCT_NAME = "$(TARGET_NAME)";
				SWIFT_VERSION = 5.0;
				TARGETED_DEVICE_FAMILY = "1,2";
				TEST_TARGET_NAME = PoliceRecorder;
			};
			name = Debug;
		};
		56789E5126F46FF000B9A35D /* Release */ = {
			isa = XCBuildConfiguration;
			baseConfigurationReference = 69B20F75056CF1B2220D5DDF /* Pods-PoliceRecorder-PoliceRecorderUITests.release.xcconfig */;
			buildSettings = {
				ALWAYS_EMBED_SWIFT_STANDARD_LIBRARIES = YES;
				CODE_SIGN_STYLE = Automatic;
				DEVELOPMENT_TEAM = H3Q5S94X2R;
				INFOPLIST_FILE = PoliceRecorderUITests/Info.plist;
				LD_RUNPATH_SEARCH_PATHS = (
					"$(inherited)",
					"@executable_path/Frameworks",
					"@loader_path/Frameworks",
				);
				PRODUCT_BUNDLE_IDENTIFIER = "Siddharth-Cherukupalli.PoliceRecorderUITests";
				PRODUCT_NAME = "$(TARGET_NAME)";
				SWIFT_VERSION = 5.0;
				TARGETED_DEVICE_FAMILY = "1,2";
				TEST_TARGET_NAME = PoliceRecorder;
			};
			name = Release;
		};
/* End XCBuildConfiguration section */

/* Begin XCConfigurationList section */
		56789E1A26F46FEC00B9A35D /* Build configuration list for PBXProject "PoliceRecorder" */ = {
			isa = XCConfigurationList;
			buildConfigurations = (
				56789E4726F46FF000B9A35D /* Debug */,
				56789E4826F46FF000B9A35D /* Release */,
			);
			defaultConfigurationIsVisible = 0;
			defaultConfigurationName = Release;
		};
		56789E4926F46FF000B9A35D /* Build configuration list for PBXNativeTarget "PoliceRecorder" */ = {
			isa = XCConfigurationList;
			buildConfigurations = (
				56789E4A26F46FF000B9A35D /* Debug */,
				56789E4B26F46FF000B9A35D /* Release */,
			);
			defaultConfigurationIsVisible = 0;
			defaultConfigurationName = Release;
		};
		56789E4C26F46FF000B9A35D /* Build configuration list for PBXNativeTarget "PoliceRecorderTests" */ = {
			isa = XCConfigurationList;
			buildConfigurations = (
				56789E4D26F46FF000B9A35D /* Debug */,
				56789E4E26F46FF000B9A35D /* Release */,
			);
			defaultConfigurationIsVisible = 0;
			defaultConfigurationName = Release;
		};
		56789E4F26F46FF000B9A35D /* Build configuration list for PBXNativeTarget "PoliceRecorderUITests" */ = {
			isa = XCConfigurationList;
			buildConfigurations = (
				56789E5026F46FF000B9A35D /* Debug */,
				56789E5126F46FF000B9A35D /* Release */,
			);
			defaultConfigurationIsVisible = 0;
			defaultConfigurationName = Release;
		};
/* End XCConfigurationList section */

/* Begin XCRemoteSwiftPackageReference section */
		D02EC39A26F5B98B000C4670 /* XCRemoteSwiftPackageReference "SwiftSpeech" */ = {
			isa = XCRemoteSwiftPackageReference;
			repositoryURL = "https://github.com/Cay-Zhang/SwiftSpeech";
			requirement = {
				kind = upToNextMajorVersion;
				minimumVersion = 0.9.3;
			};
		};
/* End XCRemoteSwiftPackageReference section */

/* Begin XCSwiftPackageProductDependency section */
		D02EC39B26F5B98B000C4670 /* SwiftSpeech */ = {
			isa = XCSwiftPackageProductDependency;
			package = D02EC39A26F5B98B000C4670 /* XCRemoteSwiftPackageReference "SwiftSpeech" */;
			productName = SwiftSpeech;
		};
/* End XCSwiftPackageProductDependency section */

/* Begin XCVersionGroup section */
		56789E2D26F46FF000B9A35D /* PoliceRecorder.xcdatamodeld */ = {
			isa = XCVersionGroup;
			children = (
				56789E2E26F46FF000B9A35D /* PoliceRecorder.xcdatamodel */,
			);
			currentVersion = 56789E2E26F46FF000B9A35D /* PoliceRecorder.xcdatamodel */;
			path = PoliceRecorder.xcdatamodeld;
			sourceTree = "<group>";
			versionGroupType = wrapper.xcdatamodel;
		};
/* End XCVersionGroup section */
	};
	rootObject = 56789E1726F46FEC00B9A35D /* Project object */;
}
